
Microsoft Visual Studio Solution File, Format Version 12.00
# Visual Studio Version 16
VisualStudioVersion = 16.0.28531.58
MinimumVisualStudioVersion = 10.0.40219.1
Project("{9A19103F-16F7-4668-BE54-9A1E7A4F7556}") = "BlazorCore.Server", "BlazorCore\BlazorCore.Server\BlazorCore.Server.csproj", "{0970B4AC-32D7-4242-8286-107F74B88C19}"
EndProject
Project("{9A19103F-16F7-4668-BE54-9A1E7A4F7556}") = "BlazorCore.App", "BlazorCore\BlazorCore.App\BlazorCore.App.csproj", "{A37951A3-5A48-4209-99CD-C342372809EC}"
EndProject
Project("{9A19103F-16F7-4668-BE54-9A1E7A4F7556}") = "BlazorCore.Core", "BlazorCore\BlazorCore.Core\BlazorCore.Core.csproj", "{464B26BD-C021-4554-A565-77715E375BB8}"
EndProject
Project("{9A19103F-16F7-4668-BE54-9A1E7A4F7556}") = "BlazorCore.Infrastructure", "BlazorCore\BlazorCore.Infrastructure\BlazorCore.Infrastructure.csproj", "{40623D80-9416-4989-84D5-9BA14FD8DC3B}"
EndProject
Global
	GlobalSection(SolutionConfigurationPlatforms) = preSolution
		Debug|Any CPU = Debug|Any CPU
		Release|Any CPU = Release|Any CPU
	EndGlobalSection
	GlobalSection(ProjectConfigurationPlatforms) = postSolution
		{0970B4AC-32D7-4242-8286-107F74B88C19}.Debug|Any CPU.ActiveCfg = Debug|Any CPU
		{0970B4AC-32D7-4242-8286-107F74B88C19}.Debug|Any CPU.Build.0 = Debug|Any CPU
		{0970B4AC-32D7-4242-8286-107F74B88C19}.Release|Any CPU.ActiveCfg = Release|Any CPU
		{0970B4AC-32D7-4242-8286-107F74B88C19}.Release|Any CPU.Build.0 = Release|Any CPU
		{A37951A3-5A48-4209-99CD-C342372809EC}.Debug|Any CPU.ActiveCfg = Debug|Any CPU
		{A37951A3-5A48-4209-99CD-C342372809EC}.Debug|Any CPU.Build.0 = Debug|Any CPU
		{A37951A3-5A48-4209-99CD-C342372809EC}.Release|Any CPU.ActiveCfg = Release|Any CPU
		{A37951A3-5A48-4209-99CD-C342372809EC}.Release|Any CPU.Build.0 = Release|Any CPU
		{464B26BD-C021-4554-A565-77715E375BB8}.Debug|Any CPU.ActiveCfg = Debug|Any CPU
		{464B26BD-C021-4554-A565-77715E375BB8}.Debug|Any CPU.Build.0 = Debug|Any CPU
		{464B26BD-C021-4554-A565-77715E375BB8}.Release|Any CPU.ActiveCfg = Release|Any CPU
		{464B26BD-C021-4554-A565-77715E375BB8}.Release|Any CPU.Build.0 = Release|Any CPU
		{40623D80-9416-4989-84D5-9BA14FD8DC3B}.Debug|Any CPU.ActiveCfg = Debug|Any CPU
		{40623D80-9416-4989-84D5-9BA14FD8DC3B}.Debug|Any CPU.Build.0 = Debug|Any CPU
		{40623D80-9416-4989-84D5-9BA14FD8DC3B}.Release|Any CPU.ActiveCfg = Release|Any CPU
		{40623D80-9416-4989-84D5-9BA14FD8DC3B}.Release|Any CPU.Build.0 = Release|Any CPU
	EndGlobalSection
	GlobalSection(SolutionProperties) = preSolution
		HideSolutionNode = FALSE
	EndGlobalSection
	GlobalSection(ExtensibilityGlobals) = postSolution
		SolutionGuid = {6C7F1E51-D4F5-495D-80B2-9F9D38819737}
	EndGlobalSection
EndGlobal
